// !$*UTF8*$!
{
	archiveVersion = 1;
	classes = {
	};
	objectVersion = 46;
	objects = {

/* Begin PBXBuildFile section */
		AC46DAF91BEB712800261371 /* AppDelegate.m in Sources */ = {isa = PBXBuildFile; fileRef = AC46DAF81BEB712800261371 /* AppDelegate.m */; };
		AC46DAFC1BEB712800261371 /* main.m in Sources */ = {isa = PBXBuildFile; fileRef = AC46DAFB1BEB712800261371 /* main.m */; };
		AC46DAFF1BEB712800261371 /* ViewController.m in Sources */ = {isa = PBXBuildFile; fileRef = AC46DAFE1BEB712800261371 /* ViewController.m */; };
		AC46DB011BEB712800261371 /* Assets.xcassets in Resources */ = {isa = PBXBuildFile; fileRef = AC46DB001BEB712800261371 /* Assets.xcassets */; };
		AC46DB041BEB712800261371 /* Main.storyboard in Resources */ = {isa = PBXBuildFile; fileRef = AC46DB021BEB712800261371 /* Main.storyboard */; };
		AC46DB0F1BEB712800261371 /* lactyTests.m in Sources */ = {isa = PBXBuildFile; fileRef = AC46DB0E1BEB712800261371 /* lactyTests.m */; };
		AC46DB1A1BEB712800261371 /* lactyUITests.m in Sources */ = {isa = PBXBuildFile; fileRef = AC46DB191BEB712800261371 /* lactyUITests.m */; };
/* End PBXBuildFile section */

/* Begin PBXContainerItemProxy section */
		AC46DB0B1BEB712800261371 /* PBXContainerItemProxy */ = {
			isa = PBXContainerItemProxy;
			containerPortal = AC46DAEC1BEB712800261371 /* Project object */;
			proxyType = 1;
			remoteGlobalIDString = AC46DAF31BEB712800261371;
			remoteInfo = lacty;
		};
		AC46DB161BEB712800261371 /* PBXContainerItemProxy */ = {
			isa = PBXContainerItemProxy;
			containerPortal = AC46DAEC1BEB712800261371 /* Project object */;
			proxyType = 1;
			remoteGlobalIDString = AC46DAF31BEB712800261371;
			remoteInfo = lacty;
		};
/* End PBXContainerItemProxy section */

/* Begin PBXFileReference section */
		AC46DAF41BEB712800261371 /* lacty.app */ = {isa = PBXFileReference; explicitFileType = wrapper.application; includeInIndex = 0; path = lacty.app; sourceTree = BUILT_PRODUCTS_DIR; };
		AC46DAF71BEB712800261371 /* AppDelegate.h */ = {isa = PBXFileReference; lastKnownFileType = sourcecode.c.h; path = AppDelegate.h; sourceTree = "<group>"; };
		AC46DAF81BEB712800261371 /* AppDelegate.m */ = {isa = PBXFileReference; lastKnownFileType = sourcecode.c.objc; path = AppDelegate.m; sourceTree = "<group>"; };
		AC46DAFB1BEB712800261371 /* main.m */ = {isa = PBXFileReference; lastKnownFileType = sourcecode.c.objc; path = main.m; sourceTree = "<group>"; };
		AC46DAFD1BEB712800261371 /* ViewController.h */ = {isa = PBXFileReference; lastKnownFileType = sourcecode.c.h; path = ViewController.h; sourceTree = "<group>"; };
		AC46DAFE1BEB712800261371 /* ViewController.m */ = {isa = PBXFileReference; lastKnownFileType = sourcecode.c.objc; path = ViewController.m; sourceTree = "<group>"; };
		AC46DB001BEB712800261371 /* Assets.xcassets */ = {isa = PBXFileReference; lastKnownFileType = folder.assetcatalog; path = Assets.xcassets; sourceTree = "<group>"; };
		AC46DB031BEB712800261371 /* Base */ = {isa = PBXFileReference; lastKnownFileType = file.storyboard; name = Base; path = Base.lproj/Main.storyboard; sourceTree = "<group>"; };
		AC46DB051BEB712800261371 /* Info.plist */ = {isa = PBXFileReference; lastKnownFileType = text.plist.xml; path = Info.plist; sourceTree = "<group>"; };
		AC46DB0A1BEB712800261371 /* lactyTests.xctest */ = {isa = PBXFileReference; explicitFileType = wrapper.cfbundle; includeInIndex = 0; path = lactyTests.xctest; sourceTree = BUILT_PRODUCTS_DIR; };
		AC46DB0E1BEB712800261371 /* lactyTests.m */ = {isa = PBXFileReference; lastKnownFileType = sourcecode.c.objc; path = lactyTests.m; sourceTree = "<group>"; };
		AC46DB101BEB712800261371 /* Info.plist */ = {isa = PBXFileReference; lastKnownFileType = text.plist.xml; path = Info.plist; sourceTree = "<group>"; };
		AC46DB151BEB712800261371 /* lactyUITests.xctest */ = {isa = PBXFileReference; explicitFileType = wrapper.cfbundle; includeInIndex = 0; path = lactyUITests.xctest; sourceTree = BUILT_PRODUCTS_DIR; };
		AC46DB191BEB712800261371 /* lactyUITests.m */ = {isa = PBXFileReference; lastKnownFileType = sourcecode.c.objc; path = lactyUITests.m; sourceTree = "<group>"; };
		AC46DB1B1BEB712800261371 /* Info.plist */ = {isa = PBXFileReference; lastKnownFileType = text.plist.xml; path = Info.plist; sourceTree = "<group>"; };
/* End PBXFileReference section */

/* Begin PBXFrameworksBuildPhase section */
		AC46DAF11BEB712800261371 /* Frameworks */ = {
			isa = PBXFrameworksBuildPhase;
			buildActionMask = 2147483647;
			files = (
			);
			runOnlyForDeploymentPostprocessing = 0;
		};
		AC46DB071BEB712800261371 /* Frameworks */ = {
			isa = PBXFrameworksBuildPhase;
			buildActionMask = 2147483647;
			files = (
			);
			runOnlyForDeploymentPostprocessing = 0;
		};
		AC46DB121BEB712800261371 /* Frameworks */ = {
			isa = PBXFrameworksBuildPhase;
			buildActionMask = 2147483647;
			files = (
			);
			runOnlyForDeploymentPostprocessing = 0;
		};
/* End PBXFrameworksBuildPhase section */

/* Begin PBXGroup section */
		AC46DAEB1BEB712800261371 = {
			isa = PBXGroup;
			children = (
				AC46DAF61BEB712800261371 /* lacty */,
				AC46DB0D1BEB712800261371 /* lactyTests */,
				AC46DB181BEB712800261371 /* lactyUITests */,
				AC46DAF51BEB712800261371 /* Products */,
			);
			sourceTree = "<group>";
		};
		AC46DAF51BEB712800261371 /* Products */ = {
			isa = PBXGroup;
			children = (
				AC46DAF41BEB712800261371 /* lacty.app */,
				AC46DB0A1BEB712800261371 /* lactyTests.xctest */,
				AC46DB151BEB712800261371 /* lactyUITests.xctest */,
			);
			name = Products;
			sourceTree = "<group>";
		};
		AC46DAF61BEB712800261371 /* lacty */ = {
			isa = PBXGroup;
			children = (
				AC46DAF71BEB712800261371 /* AppDelegate.h */,
				AC46DAF81BEB712800261371 /* AppDelegate.m */,
				AC46DAFD1BEB712800261371 /* ViewController.h */,
				AC46DAFE1BEB712800261371 /* ViewController.m */,
				AC46DB001BEB712800261371 /* Assets.xcassets */,
				AC46DB021BEB712800261371 /* Main.storyboard */,
				AC46DB051BEB712800261371 /* Info.plist */,
				AC46DAFA1BEB712800261371 /* Supporting Files */,
			);
			path = lacty;
			sourceTree = "<group>";
		};
		AC46DAFA1BEB712800261371 /* Supporting Files */ = {
			isa = PBXGroup;
			children = (
				AC46DAFB1BEB712800261371 /* main.m */,
			);
			name = "Supporting Files";
			sourceTree = "<group>";
		};
		AC46DB0D1BEB712800261371 /* lactyTests */ = {
			isa = PBXGroup;
			children = (
				AC46DB0E1BEB712800261371 /* lactyTests.m */,
				AC46DB101BEB712800261371 /* Info.plist */,
			);
			path = lactyTests;
			sourceTree = "<group>";
		};
		AC46DB181BEB712800261371 /* lactyUITests */ = {
			isa = PBXGroup;
			children = (
				AC46DB191BEB712800261371 /* lactyUITests.m */,
				AC46DB1B1BEB712800261371 /* Info.plist */,
			);
			path = lactyUITests;
			sourceTree = "<group>";
		};
/* End PBXGroup section */

/* Begin PBXNativeTarget section */
		AC46DAF31BEB712800261371 /* lacty */ = {
			isa = PBXNativeTarget;
			buildConfigurationList = AC46DB1E1BEB712800261371 /* Build configuration list for PBXNativeTarget "lacty" */;
			buildPhases = (
				AC46DAF01BEB712800261371 /* Sources */,
				AC46DAF11BEB712800261371 /* Frameworks */,
				AC46DAF21BEB712800261371 /* Resources */,
			);
			buildRules = (
			);
			dependencies = (
			);
			name = lacty;
			productName = lacty;
			productReference = AC46DAF41BEB712800261371 /* lacty.app */;
			productType = "com.apple.product-type.application";
		};
		AC46DB091BEB712800261371 /* lactyTests */ = {
			isa = PBXNativeTarget;
			buildConfigurationList = AC46DB211BEB712800261371 /* Build configuration list for PBXNativeTarget "lactyTests" */;
			buildPhases = (
				AC46DB061BEB712800261371 /* Sources */,
				AC46DB071BEB712800261371 /* Frameworks */,
				AC46DB081BEB712800261371 /* Resources */,
			);
			buildRules = (
			);
			dependencies = (
				AC46DB0C1BEB712800261371 /* PBXTargetDependency */,
			);
			name = lactyTests;
			productName = lactyTests;
			productReference = AC46DB0A1BEB712800261371 /* lactyTests.xctest */;
			productType = "com.apple.product-type.bundle.unit-test";
		};
		AC46DB141BEB712800261371 /* lactyUITests */ = {
			isa = PBXNativeTarget;
			buildConfigurationList = AC46DB241BEB712800261371 /* Build configuration list for PBXNativeTarget "lactyUITests" */;
			buildPhases = (
				AC46DB111BEB712800261371 /* Sources */,
				AC46DB121BEB712800261371 /* Frameworks */,
				AC46DB131BEB712800261371 /* Resources */,
			);
			buildRules = (
			);
			dependencies = (
				AC46DB171BEB712800261371 /* PBXTargetDependency */,
			);
			name = lactyUITests;
			productName = lactyUITests;
			productReference = AC46DB151BEB712800261371 /* lactyUITests.xctest */;
			productType = "com.apple.product-type.bundle.ui-testing";
		};
/* End PBXNativeTarget section */

/* Begin PBXProject section */
		AC46DAEC1BEB712800261371 /* Project object */ = {
			isa = PBXProject;
			attributes = {
				LastUpgradeCheck = 0710;
				ORGANIZATIONNAME = Yanai;
				TargetAttributes = {
					AC46DAF31BEB712800261371 = {
						CreatedOnToolsVersion = 7.1;
					};
					AC46DB091BEB712800261371 = {
						CreatedOnToolsVersion = 7.1;
						TestTargetID = AC46DAF31BEB712800261371;
					};
					AC46DB141BEB712800261371 = {
						CreatedOnToolsVersion = 7.1;
						TestTargetID = AC46DAF31BEB712800261371;
					};
				};
			};
			buildConfigurationList = AC46DAEF1BEB712800261371 /* Build configuration list for PBXProject "lacty" */;
			compatibilityVersion = "Xcode 3.2";
			developmentRegion = English;
			hasScannedForEncodings = 0;
			knownRegions = (
				en,
				Base,
			);
			mainGroup = AC46DAEB1BEB712800261371;
			productRefGroup = AC46DAF51BEB712800261371 /* Products */;
			projectDirPath = "";
			projectRoot = "";
			targets = (
				AC46DAF31BEB712800261371 /* lacty */,
				AC46DB091BEB712800261371 /* lactyTests */,
				AC46DB141BEB712800261371 /* lactyUITests */,
			);
		};
/* End PBXProject section */

/* Begin PBXResourcesBuildPhase section */
		AC46DAF21BEB712800261371 /* Resources */ = {
			isa = PBXResourcesBuildPhase;
			buildActionMask = 2147483647;
			files = (
				AC46DB011BEB712800261371 /* Assets.xcassets in Resources */,
				AC46DB041BEB712800261371 /* Main.storyboard in Resources */,
			);
			runOnlyForDeploymentPostprocessing = 0;
		};
		AC46DB081BEB712800261371 /* Resources */ = {
			isa = PBXResourcesBuildPhase;
			buildActionMask = 2147483647;
			files = (
			);
			runOnlyForDeploymentPostprocessing = 0;
		};
		AC46DB131BEB712800261371 /* Resources */ = {
			isa = PBXResourcesBuildPhase;
			buildActionMask = 2147483647;
			files = (
			);
			runOnlyForDeploymentPostprocessing = 0;
		};
/* End PBXResourcesBuildPhase section */

/* Begin PBXSourcesBuildPhase section */
		AC46DAF01BEB712800261371 /* Sources */ = {
			isa = PBXSourcesBuildPhase;
			buildActionMask = 2147483647;
			files = (
				AC46DAFF1BEB712800261371 /* ViewController.m in Sources */,
				AC46DAFC1BEB712800261371 /* main.m in Sources */,
				AC46DAF91BEB712800261371 /* AppDelegate.m in Sources */,
			);
			runOnlyForDeploymentPostprocessing = 0;
		};
		AC46DB061BEB712800261371 /* Sources */ = {
			isa = PBXSourcesBuildPhase;
			buildActionMask = 2147483647;
			files = (
				AC46DB0F1BEB712800261371 /* lactyTests.m in Sources */,
			);
			runOnlyForDeploymentPostprocessing = 0;
		};
		AC46DB111BEB712800261371 /* Sources */ = {
			isa = PBXSourcesBuildPhase;
			buildActionMask = 2147483647;
			files = (
				AC46DB1A1BEB712800261371 /* lactyUITests.m in Sources */,
			);
			runOnlyForDeploymentPostprocessing = 0;
		};
/* End PBXSourcesBuildPhase section */

/* Begin PBXTargetDependency section */
		AC46DB0C1BEB712800261371 /* PBXTargetDependency */ = {
			isa = PBXTargetDependency;
			target = AC46DAF31BEB712800261371 /* lacty */;
			targetProxy = AC46DB0B1BEB712800261371 /* PBXContainerItemProxy */;
		};
		AC46DB171BEB712800261371 /* PBXTargetDependency */ = {
			isa = PBXTargetDependency;
			target = AC46DAF31BEB712800261371 /* lacty */;
			targetProxy = AC46DB161BEB712800261371 /* PBXContainerItemProxy */;
		};
/* End PBXTargetDependency section */

/* Begin PBXVariantGroup section */
		AC46DB021BEB712800261371 /* Main.storyboard */ = {
			isa = PBXVariantGroup;
			children = (
				AC46DB031BEB712800261371 /* Base */,
			);
			name = Main.storyboard;
			sourceTree = "<group>";
		};
/* End PBXVariantGroup section */

/* Begin XCBuildConfiguration section */
		AC46DB1C1BEB712800261371 /* Debug */ = {
			isa = XCBuildConfiguration;
			buildSettings = {
				ALWAYS_SEARCH_USER_PATHS = NO;
				CLANG_CXX_LANGUAGE_STANDARD = "gnu++0x";
				CLANG_CXX_LIBRARY = "libc++";
				CLANG_ENABLE_MODULES = YES;
				CLANG_ENABLE_OBJC_ARC = YES;
				CLANG_WARN_BOOL_CONVERSION = YES;
				CLANG_WARN_CONSTANT_CONVERSION = YES;
				CLANG_WARN_DIRECT_OBJC_ISA_USAGE = YES_ERROR;
				CLANG_WARN_EMPTY_BODY = YES;
				CLANG_WARN_ENUM_CONVERSION = YES;
				CLANG_WARN_INT_CONVERSION = YES;
				CLANG_WARN_OBJC_ROOT_CLASS = YES_ERROR;
				CLANG_WARN_UNREACHABLE_CODE = YES;
				CLANG_WARN__DUPLICATE_METHOD_MATCH = YES;
				CODE_SIGN_IDENTITY = "-";
				COPY_PHASE_STRIP = NO;
				DEBUG_INFORMATION_FORMAT = dwarf;
				ENABLE_STRICT_OBJC_MSGSEND = YES;
				ENABLE_TESTABILITY = YES;
				GCC_C_LANGUAGE_STANDARD = gnu99;
				GCC_DYNAMIC_NO_PIC = NO;
				GCC_NO_COMMON_BLOCKS = YES;
				GCC_OPTIMIZATION_LEVEL = 0;
				GCC_PREPROCESSOR_DEFINITIONS = (
					"DEBUG=1",
					"$(inherited)",
				);
				GCC_WARN_64_TO_32_BIT_CONVERSION = YES;
				GCC_WARN_ABOUT_RETURN_TYPE = YES_ERROR;
				GCC_WARN_UNDECLARED_SELECTOR = YES;
				GCC_WARN_UNINITIALIZED_AUTOS = YES_AGGRESSIVE;
				GCC_WARN_UNUSED_FUNCTION = YES;
				GCC_WARN_UNUSED_VARIABLE = YES;
				MACOSX_DEPLOYMENT_TARGET = 10.10;
				MTL_ENABLE_DEBUG_INFO = YES;
				ONLY_ACTIVE_ARCH = YES;
				SDKROOT = macosx;
			};
			name = Debug;
		};
		AC46DB1D1BEB712800261371 /* Release */ = {
			isa = XCBuildConfiguration;
			buildSettings = {
				ALWAYS_SEARCH_USER_PATHS = NO;
				CLANG_CXX_LANGUAGE_STANDARD = "gnu++0x";
				CLANG_CXX_LIBRARY = "libc++";
				CLANG_ENABLE_MODULES = YES;
				CLANG_ENABLE_OBJC_ARC = YES;
				CLANG_WARN_BOOL_CONVERSION = YES;
				CLANG_WARN_CONSTANT_CONVERSION = YES;
				CLANG_WARN_DIRECT_OBJC_ISA_USAGE = YES_ERROR;
				CLANG_WARN_EMPTY_BODY = YES;
				CLANG_WARN_ENUM_CONVERSION = YES;
				CLANG_WARN_INT_CONVERSION = YES;
				CLANG_WARN_OBJC_ROOT_CLASS = YES_ERROR;
				CLANG_WARN_UNREACHABLE_CODE = YES;
				CLANG_WARN__DUPLICATE_METHOD_MATCH = YES;
				CODE_SIGN_IDENTITY = "-";
				COPY_PHASE_STRIP = NO;
				DEBUG_INFORMATION_FORMAT = "dwarf-with-dsym";
				ENABLE_NS_ASSERTIONS = NO;
				ENABLE_STRICT_OBJC_MSGSEND = YES;
				GCC_C_LANGUAGE_STANDARD = gnu99;
				GCC_NO_COMMON_BLOCKS = YES;
				GCC_WARN_64_TO_32_BIT_CONVERSION = YES;
				GCC_WARN_ABOUT_RETURN_TYPE = YES_ERROR;
				GCC_WARN_UNDECLARED_SELECTOR = YES;
				GCC_WARN_UNINITIALIZED_AUTOS = YES_AGGRESSIVE;
				GCC_WARN_UNUSED_FUNCTION = YES;
				GCC_WARN_UNUSED_VARIABLE = YES;
				MACOSX_DEPLOYMENT_TARGET = 10.10;
				MTL_ENABLE_DEBUG_INFO = NO;
				SDKROOT = macosx;
			};
			name = Release;
		};
		AC46DB1F1BEB712800261371 /* Debug */ = {
			isa = XCBuildConfiguration;
			buildSettings = {
				ASSETCATALOG_COMPILER_APPICON_NAME = AppIcon;
				COMBINE_HIDPI_IMAGES = YES;
				INFOPLIST_FILE = lacty/Info.plist;
				LD_RUNPATH_SEARCH_PATHS = "$(inherited) @executable_path/../Frameworks";
				PRODUCT_BUNDLE_IDENTIFIER = com.lacty;
				PRODUCT_NAME = "$(TARGET_NAME)";
			};
			name = Debug;
		};
		AC46DB201BEB712800261371 /* Release */ = {
			isa = XCBuildConfiguration;
			buildSettings = {
				ASSETCATALOG_COMPILER_APPICON_NAME = AppIcon;
				COMBINE_HIDPI_IMAGES = YES;
				INFOPLIST_FILE = lacty/Info.plist;
				LD_RUNPATH_SEARCH_PATHS = "$(inherited) @executable_path/../Frameworks";
				PRODUCT_BUNDLE_IDENTIFIER = com.lacty;
				PRODUCT_NAME = "$(TARGET_NAME)";
			};
			name = Release;
		};
		AC46DB221BEB712800261371 /* Debug */ = {
			isa = XCBuildConfiguration;
			buildSettings = {
				BUNDLE_LOADER = "$(TEST_HOST)";
				COMBINE_HIDPI_IMAGES = YES;
				INFOPLIST_FILE = lactyTests/Info.plist;
				LD_RUNPATH_SEARCH_PATHS = "$(inherited) @executable_path/../Frameworks @loader_path/../Frameworks";
				PRODUCT_BUNDLE_IDENTIFIER = com.lactyTests;
				PRODUCT_NAME = "$(TARGET_NAME)";
				TEST_HOST = "$(BUILT_PRODUCTS_DIR)/lacty.app/Contents/MacOS/lacty";
			};
			name = Debug;
		};
		AC46DB231BEB712800261371 /* Release */ = {
			isa = XCBuildConfiguration;
			buildSettings = {
				BUNDLE_LOADER = "$(TEST_HOST)";
				COMBINE_HIDPI_IMAGES = YES;
				INFOPLIST_FILE = lactyTests/Info.plist;
				LD_RUNPATH_SEARCH_PATHS = "$(inherited) @executable_path/../Frameworks @loader_path/../Frameworks";
				PRODUCT_BUNDLE_IDENTIFIER = com.lactyTests;
				PRODUCT_NAME = "$(TARGET_NAME)";
				TEST_HOST = "$(BUILT_PRODUCTS_DIR)/lacty.app/Contents/MacOS/lacty";
			};
			name = Release;
		};
		AC46DB251BEB712800261371 /* Debug */ = {
			isa = XCBuildConfiguration;
			buildSettings = {
				COMBINE_HIDPI_IMAGES = YES;
				INFOPLIST_FILE = lactyUITests/Info.plist;
				LD_RUNPATH_SEARCH_PATHS = "$(inherited) @executable_path/../Frameworks @loader_path/../Frameworks";
				PRODUCT_BUNDLE_IDENTIFIER = com.lactyUITests;
				PRODUCT_NAME = "$(TARGET_NAME)";
				TEST_TARGET_NAME = lacty;
				USES_XCTRUNNER = YES;
			};
			name = Debug;
		};
		AC46DB261BEB712800261371 /* Release */ = {
			isa = XCBuildConfiguration;
			buildSettings = {
				COMBINE_HIDPI_IMAGES = YES;
				INFOPLIST_FILE = lactyUITests/Info.plist;
				LD_RUNPATH_SEARCH_PATHS = "$(inherited) @executable_path/../Frameworks @loader_path/../Frameworks";
				PRODUCT_BUNDLE_IDENTIFIER = com.lactyUITests;
				PRODUCT_NAME = "$(TARGET_NAME)";
				TEST_TARGET_NAME = lacty;
				USES_XCTRUNNER = YES;
			};
			name = Release;
		};
/* End XCBuildConfiguration section */

/* Begin XCConfigurationList section */
		AC46DAEF1BEB712800261371 /* Build configuration list for PBXProject "lacty" */ = {
			isa = XCConfigurationList;
			buildConfigurations = (
				AC46DB1C1BEB712800261371 /* Debug */,
				AC46DB1D1BEB712800261371 /* Release */,
			);
			defaultConfigurationIsVisible = 0;
			defaultConfigurationName = Release;
		};
		AC46DB1E1BEB712800261371 /* Build configuration list for PBXNativeTarget "lacty" */ = {
			isa = XCConfigurationList;
			buildConfigurations = (
				AC46DB1F1BEB712800261371 /* Debug */,
				AC46DB201BEB712800261371 /* Release */,
			);
			defaultConfigurationIsVisible = 0;
		};
		AC46DB211BEB712800261371 /* Build configuration list for PBXNativeTarget "lactyTests" */ = {
			isa = XCConfigurationList;
			buildConfigurations = (
				AC46DB221BEB712800261371 /* Debug */,
				AC46DB231BEB712800261371 /* Release */,
			);
			defaultConfigurationIsVisible = 0;
		};
		AC46DB241BEB712800261371 /* Build configuration list for PBXNativeTarget "lactyUITests" */ = {
			isa = XCConfigurationList;
			buildConfigurations = (
				AC46DB251BEB712800261371 /* Debug */,
				AC46DB261BEB712800261371 /* Release */,
			);
			defaultConfigurationIsVisible = 0;
		};
/* End XCConfigurationList section */
	};
	rootObject = AC46DAEC1BEB712800261371 /* Project object */;
}
